// !$*UTF8*$!
{
	archiveVersion = 1;
	classes = {
	};
	objectVersion = 77;
	objects = {

/* Begin PBXContainerItemProxy section */
		37DC77642D07BF6E00B4DFEC /* PBXContainerItemProxy */ = {
			isa = PBXContainerItemProxy;
			containerPortal = 37DC77452D07BF6700B4DFEC /* Project object */;
			proxyType = 1;
			remoteGlobalIDString = 37DC774C2D07BF6700B4DFEC;
			remoteInfo = Calculator2;
		};
		37DC776E2D07BF6E00B4DFEC /* PBXContainerItemProxy */ = {
			isa = PBXContainerItemProxy;
			containerPortal = 37DC77452D07BF6700B4DFEC /* Project object */;
			proxyType = 1;
			remoteGlobalIDString = 37DC774C2D07BF6700B4DFEC;
			remoteInfo = Calculator2;
		};
/* End PBXContainerItemProxy section */

/* Begin PBXFileReference section */
		37DC774D2D07BF6700B4DFEC /* Calculator2.app */ = {isa = PBXFileReference; explicitFileType = wrapper.application; includeInIndex = 0; path = Calculator2.app; sourceTree = BUILT_PRODUCTS_DIR; };
		37DC77632D07BF6E00B4DFEC /* Calculator2Tests.xctest */ = {isa = PBXFileReference; explicitFileType = wrapper.cfbundle; includeInIndex = 0; path = Calculator2Tests.xctest; sourceTree = BUILT_PRODUCTS_DIR; };
		37DC776D2D07BF6E00B4DFEC /* Calculator2UITests.xctest */ = {isa = PBXFileReference; explicitFileType = wrapper.cfbundle; includeInIndex = 0; path = Calculator2UITests.xctest; sourceTree = BUILT_PRODUCTS_DIR; };
/* End PBXFileReference section */

/* Begin PBXFileSystemSynchronizedBuildFileExceptionSet section */
		37DC77752D07BF6E00B4DFEC /* Exceptions for "Calculator2" folder in "Calculator2" target */ = {
			isa = PBXFileSystemSynchronizedBuildFileExceptionSet;
			membershipExceptions = (
				Info.plist,
			);
			target = 37DC774C2D07BF6700B4DFEC /* Calculator2 */;
		};
/* End PBXFileSystemSynchronizedBuildFileExceptionSet section */

/* Begin PBXFileSystemSynchronizedRootGroup section */
		37DC774F2D07BF6700B4DFEC /* Calculator2 */ = {
			isa = PBXFileSystemSynchronizedRootGroup;
			exceptions = (
				37DC77752D07BF6E00B4DFEC /* Exceptions for "Calculator2" folder in "Calculator2" target */,
			);
			path = Calculator2;
			sourceTree = "<group>";
		};
		37DC77662D07BF6E00B4DFEC /* Calculator2Tests */ = {
			isa = PBXFileSystemSynchronizedRootGroup;
			path = Calculator2Tests;
			sourceTree = "<group>";
		};
		37DC77702D07BF6E00B4DFEC /* Calculator2UITests */ = {
			isa = PBXFileSystemSynchronizedRootGroup;
			path = Calculator2UITests;
			sourceTree = "<group>";
		};
/* End PBXFileSystemSynchronizedRootGroup section */

/* Begin PBXFrameworksBuildPhase section */
		37DC774A2D07BF6700B4DFEC /* Frameworks */ = {
			isa = PBXFrameworksBuildPhase;
			buildActionMask = 2147483647;
			files = (
			);
			runOnlyForDeploymentPostprocessing = 0;
		};
		37DC77602D07BF6E00B4DFEC /* Frameworks */ = {
			isa = PBXFrameworksBuildPhase;
			buildActionMask = 2147483647;
			files = (
			);
			runOnlyForDeploymentPostprocessing = 0;
		};
		37DC776A2D07BF6E00B4DFEC /* Frameworks */ = {
			isa = PBXFrameworksBuildPhase;
			buildActionMask = 2147483647;
			files = (
			);
			runOnlyForDeploymentPostprocessing = 0;
		};
/* End PBXFrameworksBuildPhase section */

/* Begin PBXGroup section */
		37DC77442D07BF6700B4DFEC = {
			isa = PBXGroup;
			children = (
				37DC774F2D07BF6700B4DFEC /* Calculator2 */,
				37DC77662D07BF6E00B4DFEC /* Calculator2Tests */,
				37DC77702D07BF6E00B4DFEC /* Calculator2UITests */,
				37DC774E2D07BF6700B4DFEC /* Products */,
			);
			sourceTree = "<group>";
		};
		37DC774E2D07BF6700B4DFEC /* Products */ = {
			isa = PBXGroup;
			children = (
				37DC774D2D07BF6700B4DFEC /* Calculator2.app */,
				37DC77632D07BF6E00B4DFEC /* Calculator2Tests.xctest */,
				37DC776D2D07BF6E00B4DFEC /* Calculator2UITests.xctest */,
			);
			name = Products;
			sourceTree = "<group>";
		};
/* End PBXGroup section */

/* Begin PBXNativeTarget section */
		37DC774C2D07BF6700B4DFEC /* Calculator2 */ = {
			isa = PBXNativeTarget;
			buildConfigurationList = 37DC77762D07BF6E00B4DFEC /* Build configuration list for PBXNativeTarget "Calculator2" */;
			buildPhases = (
				37DC77492D07BF6700B4DFEC /* Sources */,
				37DC774A2D07BF6700B4DFEC /* Frameworks */,
				37DC774B2D07BF6700B4DFEC /* Resources */,
			);
			buildRules = (
			);
			dependencies = (
			);
			fileSystemSynchronizedGroups = (
				37DC774F2D07BF6700B4DFEC /* Calculator2 */,
			);
			name = Calculator2;
			packageProductDependencies = (
			);
			productName = Calculator2;
			productReference = 37DC774D2D07BF6700B4DFEC /* Calculator2.app */;
			productType = "com.apple.product-type.application";
		};
		37DC77622D07BF6E00B4DFEC /* Calculator2Tests */ = {
			isa = PBXNativeTarget;
			buildConfigurationList = 37DC777B2D07BF6E00B4DFEC /* Build configuration list for PBXNativeTarget "Calculator2Tests" */;
			buildPhases = (
				37DC775F2D07BF6E00B4DFEC /* Sources */,
				37DC77602D07BF6E00B4DFEC /* Frameworks */,
				37DC77612D07BF6E00B4DFEC /* Resources */,
			);
			buildRules = (
			);
			dependencies = (
				37DC77652D07BF6E00B4DFEC /* PBXTargetDependency */,
			);
			fileSystemSynchronizedGroups = (
				37DC77662D07BF6E00B4DFEC /* Calculator2Tests */,
			);
			name = Calculator2Tests;
			packageProductDependencies = (
			);
			productName = Calculator2Tests;
			productReference = 37DC77632D07BF6E00B4DFEC /* Calculator2Tests.xctest */;
			productType = "com.apple.product-type.bundle.unit-test";
		};
		37DC776C2D07BF6E00B4DFEC /* Calculator2UITests */ = {
			isa = PBXNativeTarget;
			buildConfigurationList = 37DC777E2D07BF6E00B4DFEC /* Build configuration list for PBXNativeTarget "Calculator2UITests" */;
			buildPhases = (
				37DC77692D07BF6E00B4DFEC /* Sources */,
				37DC776A2D07BF6E00B4DFEC /* Frameworks */,
				37DC776B2D07BF6E00B4DFEC /* Resources */,
			);
			buildRules = (
			);
			dependencies = (
				37DC776F2D07BF6E00B4DFEC /* PBXTargetDependency */,
			);
			fileSystemSynchronizedGroups = (
				37DC77702D07BF6E00B4DFEC /* Calculator2UITests */,
			);
			name = Calculator2UITests;
			packageProductDependencies = (
			);
			productName = Calculator2UITests;
			productReference = 37DC776D2D07BF6E00B4DFEC /* Calculator2UITests.xctest */;
			productType = "com.apple.product-type.bundle.ui-testing";
		};
/* End PBXNativeTarget section */

/* Begin PBXProject section */
		37DC77452D07BF6700B4DFEC /* Project object */ = {
			isa = PBXProject;
			attributes = {
				BuildIndependentTargetsInParallel = 1;
				LastSwiftUpdateCheck = 1610;
				LastUpgradeCheck = 1610;
				TargetAttributes = {
					37DC774C2D07BF6700B4DFEC = {
						CreatedOnToolsVersion = 16.1;
					};
					37DC77622D07BF6E00B4DFEC = {
						CreatedOnToolsVersion = 16.1;
						TestTargetID = 37DC774C2D07BF6700B4DFEC;
					};
					37DC776C2D07BF6E00B4DFEC = {
						CreatedOnToolsVersion = 16.1;
						TestTargetID = 37DC774C2D07BF6700B4DFEC;
					};
				};
			};
			buildConfigurationList = 37DC77482D07BF6700B4DFEC /* Build configuration list for PBXProject "Calculator2" */;
			developmentRegion = en;
			hasScannedForEncodings = 0;
			knownRegions = (
				en,
				Base,
			);
			mainGroup = 37DC77442D07BF6700B4DFEC;
			minimizedProjectReferenceProxies = 1;
			preferredProjectObjectVersion = 77;
			productRefGroup = 37DC774E2D07BF6700B4DFEC /* Products */;
			projectDirPath = "";
			projectRoot = "";
			targets = (
				37DC774C2D07BF6700B4DFEC /* Calculator2 */,
				37DC77622D07BF6E00B4DFEC /* Calculator2Tests */,
				37DC776C2D07BF6E00B4DFEC /* Calculator2UITests */,
			);
		};
/* End PBXProject section */

/* Begin PBXResourcesBuildPhase section */
		37DC774B2D07BF6700B4DFEC /* Resources */ = {
			isa = PBXResourcesBuildPhase;
			buildActionMask = 2147483647;
			files = (
			);
			runOnlyForDeploymentPostprocessing = 0;
		};
		37DC77612D07BF6E00B4DFEC /* Resources */ = {
			isa = PBXResourcesBuildPhase;
			buildActionMask = 2147483647;
			files = (
			);
			runOnlyForDeploymentPostprocessing = 0;
		};
		37DC776B2D07BF6E00B4DFEC /* Resources */ = {
			isa = PBXResourcesBuildPhase;
			buildActionMask = 2147483647;
			files = (
			);
			runOnlyForDeploymentPostprocessing = 0;
		};
/* End PBXResourcesBuildPhase section */

/* Begin PBXSourcesBuildPhase section */
		37DC77492D07BF6700B4DFEC /* Sources */ = {
			isa = PBXSourcesBuildPhase;
			buildActionMask = 2147483647;
			files = (
			);
			runOnlyForDeploymentPostprocessing = 0;
		};
		37DC775F2D07BF6E00B4DFEC /* Sources */ = {
			isa = PBXSourcesBuildPhase;
			buildActionMask = 2147483647;
			files = (
			);
			runOnlyForDeploymentPostprocessing = 0;
		};
		37DC77692D07BF6E00B4DFEC /* Sources */ = {
			isa = PBXSourcesBuildPhase;
			buildActionMask = 2147483647;
			files = (
			);
			runOnlyForDeploymentPostprocessing = 0;
		};
/* End PBXSourcesBuildPhase section */

/* Begin PBXTargetDependency section */
		37DC77652D07BF6E00B4DFEC /* PBXTargetDependency */ = {
			isa = PBXTargetDependency;
			target = 37DC774C2D07BF6700B4DFEC /* Calculator2 */;
			targetProxy = 37DC77642D07BF6E00B4DFEC /* PBXContainerItemProxy */;
		};
		37DC776F2D07BF6E00B4DFEC /* PBXTargetDependency */ = {
			isa = PBXTargetDependency;
			target = 37DC774C2D07BF6700B4DFEC /* Calculator2 */;
			targetProxy = 37DC776E2D07BF6E00B4DFEC /* PBXContainerItemProxy */;
		};
/* End PBXTargetDependency section */

/* Begin XCBuildConfiguration section */
		37DC77772D07BF6E00B4DFEC /* Debug */ = {
			isa = XCBuildConfiguration;
			buildSettings = {
				ASSETCATALOG_COMPILER_APPICON_NAME = AppIcon;
				ASSETCATALOG_COMPILER_GLOBAL_ACCENT_COLOR_NAME = AccentColor;
				CODE_SIGN_STYLE = Automatic;
				CURRENT_PROJECT_VERSION = 1;
				DEVELOPMENT_TEAM = 774FYNPNQ9;
				GENERATE_INFOPLIST_FILE = YES;
				INFOPLIST_FILE = Calculator2/Info.plist;
				INFOPLIST_KEY_UIApplicationSupportsIndirectInputEvents = YES;
				INFOPLIST_KEY_UILaunchStoryboardName = LaunchScreen;
				INFOPLIST_KEY_UIMainStoryboardFile = Main;
				INFOPLIST_KEY_UISupportedInterfaceOrientations_iPad = "UIInterfaceOrientationPortrait UIInterfaceOrientationPortraitUpsideDown UIInterfaceOrientationLandscapeLeft UIInterfaceOrientationLandscapeRight";
				INFOPLIST_KEY_UISupportedInterfaceOrientations_iPhone = "UIInterfaceOrientationPortrait UIInterfaceOrientationLandscapeLeft UIInterfaceOrientationLandscapeRight";
				LD_RUNPATH_SEARCH_PATHS = (
					"$(inherited)",
					"@executable_path/Frameworks",
				);
				MARKETING_VERSION = 1.0;
				PRODUCT_BUNDLE_IDENTIFIER = com.jeon.Calculator2;
				PRODUCT_NAME = "$(TARGET_NAME)";
				SWIFT_EMIT_LOC_STRINGS = YES;
				SWIFT_VERSION = 5.0;
				TARGETED_DEVICE_FAMILY = "1,2";
			};
			name = Debug;
		};
		37DC77782D07BF6E00B4DFEC /* Release */ = {
			isa = XCBuildConfiguration;
			buildSettings = {
				ASSETCATALOG_COMPILER_APPICON_NAME = AppIcon;
				ASSETCATALOG_COMPILER_GLOBAL_ACCENT_COLOR_NAME = AccentColor;
				CODE_SIGN_STYLE = Automatic;
				CURRENT_PROJECT_VERSION = 1;
				DEVELOPMENT_TEAM = 774FYNPNQ9;
				GENERATE_INFOPLIST_FILE = YES;
				INFOPLIST_FILE = Calculator2/Info.plist;
				INFOPLIST_KEY_UIApplicationSupportsIndirectInputEvents = YES;
				INFOPLIST_KEY_UILaunchStoryboardName = LaunchScreen;
				INFOPLIST_KEY_UIMainStoryboardFile = Main;
				INFOPLIST_KEY_UISupportedInterfaceOrientations_iPad = "UIInterfaceOrientationPortrait UIInterfaceOrientationPortraitUpsideDown UIInterfaceOrientationLandscapeLeft UIInterfaceOrientationLandscapeRight";
				INFOPLIST_KEY_UISupportedInterfaceOrientations_iPhone = "UIInterfaceOrientationPortrait UIInterfaceOrientationLandscapeLeft UIInterfaceOrientationLandscapeRight";
				LD_RUNPATH_SEARCH_PATHS = (
					"$(inherited)",
					"@executable_path/Frameworks",
				);
				MARKETING_VERSION = 1.0;
				PRODUCT_BUNDLE_IDENTIFIER = com.jeon.Calculator2;
				PRODUCT_NAME = "$(TARGET_NAME)";
				SWIFT_EMIT_LOC_STRINGS = YES;
				SWIFT_VERSION = 5.0;
				TARGETED_DEVICE_FAMILY = "1,2";
			};
			name = Release;
		};
		37DC77792D07BF6E00B4DFEC /* Debug */ = {
			isa = XCBuildConfiguration;
			buildSettings = {
				ALWAYS_SEARCH_USER_PATHS = NO;
				ASSETCATALOG_COMPILER_GENERATE_SWIFT_ASSET_SYMBOL_EXTENSIONS = YES;
				CLANG_ANALYZER_NONNULL = YES;
				CLANG_ANALYZER_NUMBER_OBJECT_CONVERSION = YES_AGGRESSIVE;
				CLANG_CXX_LANGUAGE_STANDARD = "gnu++20";
				CLANG_ENABLE_MODULES = YES;
				CLANG_ENABLE_OBJC_ARC = YES;
				CLANG_ENABLE_OBJC_WEAK = YES;
				CLANG_WARN_BLOCK_CAPTURE_AUTORELEASING = YES;
				CLANG_WARN_BOOL_CONVERSION = YES;
				CLANG_WARN_COMMA = YES;
				CLANG_WARN_CONSTANT_CONVERSION = YES;
				CLANG_WARN_DEPRECATED_OBJC_IMPLEMENTATIONS = YES;
				CLANG_WARN_DIRECT_OBJC_ISA_USAGE = YES_ERROR;
				CLANG_WARN_DOCUMENTATION_COMMENTS = YES;
				CLANG_WARN_EMPTY_BODY = YES;
				CLANG_WARN_ENUM_CONVERSION = YES;
				CLANG_WARN_INFINITE_RECURSION = YES;
				CLANG_WARN_INT_CONVERSION = YES;
				CLANG_WARN_NON_LITERAL_NULL_CONVERSION = YES;
				CLANG_WARN_OBJC_IMPLICIT_RETAIN_SELF = YES;
				CLANG_WARN_OBJC_LITERAL_CONVERSION = YES;
				CLANG_WARN_OBJC_ROOT_CLASS = YES_ERROR;
				CLANG_WARN_QUOTED_INCLUDE_IN_FRAMEWORK_HEADER = YES;
				CLANG_WARN_RANGE_LOOP_ANALYSIS = YES;
				CLANG_WARN_STRICT_PROTOTYPES = YES;
				CLANG_WARN_SUSPICIOUS_MOVE = YES;
				CLANG_WARN_UNGUARDED_AVAILABILITY = YES_AGGRESSIVE;
				CLANG_WARN_UNREACHABLE_CODE = YES;
				CLANG_WARN__DUPLICATE_METHOD_MATCH = YES;
				COPY_PHASE_STRIP = NO;
				DEBUG_INFORMATION_FORMAT = dwarf;
				ENABLE_STRICT_OBJC_MSGSEND = YES;
				ENABLE_TESTABILITY = YES;
				ENABLE_USER_SCRIPT_SANDBOXING = YES;
				GCC_C_LANGUAGE_STANDARD = gnu17;
				GCC_DYNAMIC_NO_PIC = NO;
				GCC_NO_COMMON_BLOCKS = YES;
				GCC_OPTIMIZATION_LEVEL = 0;
				GCC_PREPROCESSOR_DEFINITIONS = (
					"DEBUG=1",
					"$(inherited)",
				);
				GCC_WARN_64_TO_32_BIT_CONVERSION = YES;
				GCC_WARN_ABOUT_RETURN_TYPE = YES_ERROR;
				GCC_WARN_UNDECLARED_SELECTOR = YES;
				GCC_WARN_UNINITIALIZED_AUTOS = YES_AGGRESSIVE;
				GCC_WARN_UNUSED_FUNCTION = YES;
				GCC_WARN_UNUSED_VARIABLE = YES;
				IPHONEOS_DEPLOYMENT_TARGET = 18.1;
				LOCALIZATION_PREFERS_STRING_CATALOGS = YES;
				MTL_ENABLE_DEBUG_INFO = INCLUDE_SOURCE;
				MTL_FAST_MATH = YES;
				ONLY_ACTIVE_ARCH = YES;
				SDKROOT = iphoneos;
				SWIFT_ACTIVE_COMPILATION_CONDITIONS = "DEBUG $(inherited)";
				SWIFT_OPTIMIZATION_LEVEL = "-Onone";
			};
			name = Debug;
		};
		37DC777A2D07BF6E00B4DFEC /* Release */ = {
			isa = XCBuildConfiguration;
			buildSettings = {
				ALWAYS_SEARCH_USER_PATHS = NO;
				ASSETCATALOG_COMPILER_GENERATE_SWIFT_ASSET_SYMBOL_EXTENSIONS = YES;
				CLANG_ANALYZER_NONNULL = YES;
				CLANG_ANALYZER_NUMBER_OBJECT_CONVERSION = YES_AGGRESSIVE;
				CLANG_CXX_LANGUAGE_STANDARD = "gnu++20";
				CLANG_ENABLE_MODULES = YES;
				CLANG_ENABLE_OBJC_ARC = YES;
				CLANG_ENABLE_OBJC_WEAK = YES;
				CLANG_WARN_BLOCK_CAPTURE_AUTORELEASING = YES;
				CLANG_WARN_BOOL_CONVERSION = YES;
				CLANG_WARN_COMMA = YES;
				CLANG_WARN_CONSTANT_CONVERSION = YES;
				CLANG_WARN_DEPRECATED_OBJC_IMPLEMENTATIONS = YES;
				CLANG_WARN_DIRECT_OBJC_ISA_USAGE = YES_ERROR;
				CLANG_WARN_DOCUMENTATION_COMMENTS = YES;
				CLANG_WARN_EMPTY_BODY = YES;
				CLANG_WARN_ENUM_CONVERSION = YES;
				CLANG_WARN_INFINITE_RECURSION = YES;
				CLANG_WARN_INT_CONVERSION = YES;
				CLANG_WARN_NON_LITERAL_NULL_CONVERSION = YES;
				CLANG_WARN_OBJC_IMPLICIT_RETAIN_SELF = YES;
				CLANG_WARN_OBJC_LITERAL_CONVERSION = YES;
				CLANG_WARN_OBJC_ROOT_CLASS = YES_ERROR;
				CLANG_WARN_QUOTED_INCLUDE_IN_FRAMEWORK_HEADER = YES;
				CLANG_WARN_RANGE_LOOP_ANALYSIS = YES;
				CLANG_WARN_STRICT_PROTOTYPES = YES;
				CLANG_WARN_SUSPICIOUS_MOVE = YES;
				CLANG_WARN_UNGUARDED_AVAILABILITY = YES_AGGRESSIVE;
				CLANG_WARN_UNREACHABLE_CODE = YES;
				CLANG_WARN__DUPLICATE_METHOD_MATCH = YES;
				COPY_PHASE_STRIP = NO;
				DEBUG_INFORMATION_FORMAT = "dwarf-with-dsym";
				ENABLE_NS_ASSERTIONS = NO;
				ENABLE_STRICT_OBJC_MSGSEND = YES;
				ENABLE_USER_SCRIPT_SANDBOXING = YES;
				GCC_C_LANGUAGE_STANDARD = gnu17;
				GCC_NO_COMMON_BLOCKS = YES;
				GCC_WARN_64_TO_32_BIT_CONVERSION = YES;
				GCC_WARN_ABOUT_RETURN_TYPE = YES_ERROR;
				GCC_WARN_UNDECLARED_SELECTOR = YES;
				GCC_WARN_UNINITIALIZED_AUTOS = YES_AGGRESSIVE;
				GCC_WARN_UNUSED_FUNCTION = YES;
				GCC_WARN_UNUSED_VARIABLE = YES;
				IPHONEOS_DEPLOYMENT_TARGET = 18.1;
				LOCALIZATION_PREFERS_STRING_CATALOGS = YES;
				MTL_ENABLE_DEBUG_INFO = NO;
				MTL_FAST_MATH = YES;
				SDKROOT = iphoneos;
				SWIFT_COMPILATION_MODE = wholemodule;
				VALIDATE_PRODUCT = YES;
			};
			name = Release;
		};
		37DC777C2D07BF6E00B4DFEC /* Debug */ = {
			isa = XCBuildConfiguration;
			buildSettings = {
				BUNDLE_LOADER = "$(TEST_HOST)";
				CODE_SIGN_STYLE = Automatic;
				CURRENT_PROJECT_VERSION = 1;
				DEVELOPMENT_TEAM = 774FYNPNQ9;
				GENERATE_INFOPLIST_FILE = YES;
				IPHONEOS_DEPLOYMENT_TARGET = 18.1;
				MARKETING_VERSION = 1.0;
				PRODUCT_BUNDLE_IDENTIFIER = com.jeon.Calculator2Tests;
				PRODUCT_NAME = "$(TARGET_NAME)";
				SWIFT_EMIT_LOC_STRINGS = NO;
				SWIFT_VERSION = 5.0;
				TARGETED_DEVICE_FAMILY = "1,2";
				TEST_HOST = "$(BUILT_PRODUCTS_DIR)/Calculator2.app/$(BUNDLE_EXECUTABLE_FOLDER_PATH)/Calculator2";
			};
			name = Debug;
		};
		37DC777D2D07BF6E00B4DFEC /* Release */ = {
			isa = XCBuildConfiguration;
			buildSettings = {
				BUNDLE_LOADER = "$(TEST_HOST)";
				CODE_SIGN_STYLE = Automatic;
				CURRENT_PROJECT_VERSION = 1;
				DEVELOPMENT_TEAM = 774FYNPNQ9;
				GENERATE_INFOPLIST_FILE = YES;
				IPHONEOS_DEPLOYMENT_TARGET = 18.1;
				MARKETING_VERSION = 1.0;
				PRODUCT_BUNDLE_IDENTIFIER = com.jeon.Calculator2Tests;
				PRODUCT_NAME = "$(TARGET_NAME)";
				SWIFT_EMIT_LOC_STRINGS = NO;
				SWIFT_VERSION = 5.0;
				TARGETED_DEVICE_FAMILY = "1,2";
				TEST_HOST = "$(BUILT_PRODUCTS_DIR)/Calculator2.app/$(BUNDLE_EXECUTABLE_FOLDER_PATH)/Calculator2";
			};
			name = Release;
		};
		37DC777F2D07BF6E00B4DFEC /* Debug */ = {
			isa = XCBuildConfiguration;
			buildSettings = {
				CODE_SIGN_STYLE = Automatic;
				CURRENT_PROJECT_VERSION = 1;
				DEVELOPMENT_TEAM = 774FYNPNQ9;
				GENERATE_INFOPLIST_FILE = YES;
				MARKETING_VERSION = 1.0;
				PRODUCT_BUNDLE_IDENTIFIER = com.jeon.Calculator2UITests;
				PRODUCT_NAME = "$(TARGET_NAME)";
				SWIFT_EMIT_LOC_STRINGS = NO;
				SWIFT_VERSION = 5.0;
				TARGETED_DEVICE_FAMILY = "1,2";
				TEST_TARGET_NAME = Calculator2;
			};
			name = Debug;
		};
		37DC77802D07BF6E00B4DFEC /* Release */ = {
			isa = XCBuildConfiguration;
			buildSettings = {
				CODE_SIGN_STYLE = Automatic;
				CURRENT_PROJECT_VERSION = 1;
				DEVELOPMENT_TEAM = 774FYNPNQ9;
				GENERATE_INFOPLIST_FILE = YES;
				MARKETING_VERSION = 1.0;
				PRODUCT_BUNDLE_IDENTIFIER = com.jeon.Calculator2UITests;
				PRODUCT_NAME = "$(TARGET_NAME)";
				SWIFT_EMIT_LOC_STRINGS = NO;
				SWIFT_VERSION = 5.0;
				TARGETED_DEVICE_FAMILY = "1,2";
				TEST_TARGET_NAME = Calculator2;
			};
			name = Release;
		};
/* End XCBuildConfiguration section */

/* Begin XCConfigurationList section */
		37DC77482D07BF6700B4DFEC /* Build configuration list for PBXProject "Calculator2" */ = {
			isa = XCConfigurationList;
			buildConfigurations = (
				37DC77792D07BF6E00B4DFEC /* Debug */,
				37DC777A2D07BF6E00B4DFEC /* Release */,
			);
			defaultConfigurationIsVisible = 0;
			defaultConfigurationName = Release;
		};
		37DC77762D07BF6E00B4DFEC /* Build configuration list for PBXNativeTarget "Calculator2" */ = {
			isa = XCConfigurationList;
			buildConfigurations = (
				37DC77772D07BF6E00B4DFEC /* Debug */,
				37DC77782D07BF6E00B4DFEC /* Release */,
			);
			defaultConfigurationIsVisible = 0;
			defaultConfigurationName = Release;
		};
		37DC777B2D07BF6E00B4DFEC /* Build configuration list for PBXNativeTarget "Calculator2Tests" */ = {
			isa = XCConfigurationList;
			buildConfigurations = (
				37DC777C2D07BF6E00B4DFEC /* Debug */,
				37DC777D2D07BF6E00B4DFEC /* Release */,
			);
			defaultConfigurationIsVisible = 0;
			defaultConfigurationName = Release;
		};
		37DC777E2D07BF6E00B4DFEC /* Build configuration list for PBXNativeTarget "Calculator2UITests" */ = {
			isa = XCConfigurationList;
			buildConfigurations = (
				37DC777F2D07BF6E00B4DFEC /* Debug */,
				37DC77802D07BF6E00B4DFEC /* Release */,
			);
			defaultConfigurationIsVisible = 0;
			defaultConfigurationName = Release;
		};
/* End XCConfigurationList section */
	};
	rootObject = 37DC77452D07BF6700B4DFEC /* Project object */;
}
