// !$*UTF8*$!
{
	archiveVersion = 1;
	classes = {
	};
	objectVersion = 77;
	objects = {

/* Begin PBXContainerItemProxy section */
		37477E282D093987004E05FB /* PBXContainerItemProxy */ = {
			isa = PBXContainerItemProxy;
			containerPortal = 37477E092D093985004E05FB /* Project object */;
			proxyType = 1;
			remoteGlobalIDString = 37477E102D093985004E05FB;
			remoteInfo = LowerCaseAlphabetCollector;
		};
		37477E322D093987004E05FB /* PBXContainerItemProxy */ = {
			isa = PBXContainerItemProxy;
			containerPortal = 37477E092D093985004E05FB /* Project object */;
			proxyType = 1;
			remoteGlobalIDString = 37477E102D093985004E05FB;
			remoteInfo = LowerCaseAlphabetCollector;
		};
/* End PBXContainerItemProxy section */

/* Begin PBXFileReference section */
		37477E112D093985004E05FB /* LowerCaseAlphabetCollector.app */ = {isa = PBXFileReference; explicitFileType = wrapper.application; includeInIndex = 0; path = LowerCaseAlphabetCollector.app; sourceTree = BUILT_PRODUCTS_DIR; };
		37477E272D093987004E05FB /* LowerCaseAlphabetCollectorTests.xctest */ = {isa = PBXFileReference; explicitFileType = wrapper.cfbundle; includeInIndex = 0; path = LowerCaseAlphabetCollectorTests.xctest; sourceTree = BUILT_PRODUCTS_DIR; };
		37477E312D093987004E05FB /* LowerCaseAlphabetCollectorUITests.xctest */ = {isa = PBXFileReference; explicitFileType = wrapper.cfbundle; includeInIndex = 0; path = LowerCaseAlphabetCollectorUITests.xctest; sourceTree = BUILT_PRODUCTS_DIR; };
/* End PBXFileReference section */

/* Begin PBXFileSystemSynchronizedBuildFileExceptionSet section */
		37477E392D093987004E05FB /* Exceptions for "LowerCaseAlphabetCollector" folder in "LowerCaseAlphabetCollector" target */ = {
			isa = PBXFileSystemSynchronizedBuildFileExceptionSet;
			membershipExceptions = (
				Info.plist,
			);
			target = 37477E102D093985004E05FB /* LowerCaseAlphabetCollector */;
		};
/* End PBXFileSystemSynchronizedBuildFileExceptionSet section */

/* Begin PBXFileSystemSynchronizedRootGroup section */
		37477E132D093985004E05FB /* LowerCaseAlphabetCollector */ = {
			isa = PBXFileSystemSynchronizedRootGroup;
			exceptions = (
				37477E392D093987004E05FB /* Exceptions for "LowerCaseAlphabetCollector" folder in "LowerCaseAlphabetCollector" target */,
			);
			path = LowerCaseAlphabetCollector;
			sourceTree = "<group>";
		};
		37477E2A2D093987004E05FB /* LowerCaseAlphabetCollectorTests */ = {
			isa = PBXFileSystemSynchronizedRootGroup;
			path = LowerCaseAlphabetCollectorTests;
			sourceTree = "<group>";
		};
		37477E342D093987004E05FB /* LowerCaseAlphabetCollectorUITests */ = {
			isa = PBXFileSystemSynchronizedRootGroup;
			path = LowerCaseAlphabetCollectorUITests;
			sourceTree = "<group>";
		};
/* End PBXFileSystemSynchronizedRootGroup section */

/* Begin PBXFrameworksBuildPhase section */
		37477E0E2D093985004E05FB /* Frameworks */ = {
			isa = PBXFrameworksBuildPhase;
			buildActionMask = 2147483647;
			files = (
			);
			runOnlyForDeploymentPostprocessing = 0;
		};
		37477E242D093987004E05FB /* Frameworks */ = {
			isa = PBXFrameworksBuildPhase;
			buildActionMask = 2147483647;
			files = (
			);
			runOnlyForDeploymentPostprocessing = 0;
		};
		37477E2E2D093987004E05FB /* Frameworks */ = {
			isa = PBXFrameworksBuildPhase;
			buildActionMask = 2147483647;
			files = (
			);
			runOnlyForDeploymentPostprocessing = 0;
		};
/* End PBXFrameworksBuildPhase section */

/* Begin PBXGroup section */
		37477E082D093985004E05FB = {
			isa = PBXGroup;
			children = (
				37477E132D093985004E05FB /* LowerCaseAlphabetCollector */,
				37477E2A2D093987004E05FB /* LowerCaseAlphabetCollectorTests */,
				37477E342D093987004E05FB /* LowerCaseAlphabetCollectorUITests */,
				37477E122D093985004E05FB /* Products */,
			);
			sourceTree = "<group>";
		};
		37477E122D093985004E05FB /* Products */ = {
			isa = PBXGroup;
			children = (
				37477E112D093985004E05FB /* LowerCaseAlphabetCollector.app */,
				37477E272D093987004E05FB /* LowerCaseAlphabetCollectorTests.xctest */,
				37477E312D093987004E05FB /* LowerCaseAlphabetCollectorUITests.xctest */,
			);
			name = Products;
			sourceTree = "<group>";
		};
/* End PBXGroup section */

/* Begin PBXNativeTarget section */
		37477E102D093985004E05FB /* LowerCaseAlphabetCollector */ = {
			isa = PBXNativeTarget;
			buildConfigurationList = 37477E3A2D093987004E05FB /* Build configuration list for PBXNativeTarget "LowerCaseAlphabetCollector" */;
			buildPhases = (
				37477E0D2D093985004E05FB /* Sources */,
				37477E0E2D093985004E05FB /* Frameworks */,
				37477E0F2D093985004E05FB /* Resources */,
			);
			buildRules = (
			);
			dependencies = (
			);
			fileSystemSynchronizedGroups = (
				37477E132D093985004E05FB /* LowerCaseAlphabetCollector */,
			);
			name = LowerCaseAlphabetCollector;
			packageProductDependencies = (
			);
			productName = LowerCaseAlphabetCollector;
			productReference = 37477E112D093985004E05FB /* LowerCaseAlphabetCollector.app */;
			productType = "com.apple.product-type.application";
		};
		37477E262D093987004E05FB /* LowerCaseAlphabetCollectorTests */ = {
			isa = PBXNativeTarget;
			buildConfigurationList = 37477E3F2D093987004E05FB /* Build configuration list for PBXNativeTarget "LowerCaseAlphabetCollectorTests" */;
			buildPhases = (
				37477E232D093987004E05FB /* Sources */,
				37477E242D093987004E05FB /* Frameworks */,
				37477E252D093987004E05FB /* Resources */,
			);
			buildRules = (
			);
			dependencies = (
				37477E292D093987004E05FB /* PBXTargetDependency */,
			);
			fileSystemSynchronizedGroups = (
				37477E2A2D093987004E05FB /* LowerCaseAlphabetCollectorTests */,
			);
			name = LowerCaseAlphabetCollectorTests;
			packageProductDependencies = (
			);
			productName = LowerCaseAlphabetCollectorTests;
			productReference = 37477E272D093987004E05FB /* LowerCaseAlphabetCollectorTests.xctest */;
			productType = "com.apple.product-type.bundle.unit-test";
		};
		37477E302D093987004E05FB /* LowerCaseAlphabetCollectorUITests */ = {
			isa = PBXNativeTarget;
			buildConfigurationList = 37477E422D093987004E05FB /* Build configuration list for PBXNativeTarget "LowerCaseAlphabetCollectorUITests" */;
			buildPhases = (
				37477E2D2D093987004E05FB /* Sources */,
				37477E2E2D093987004E05FB /* Frameworks */,
				37477E2F2D093987004E05FB /* Resources */,
			);
			buildRules = (
			);
			dependencies = (
				37477E332D093987004E05FB /* PBXTargetDependency */,
			);
			fileSystemSynchronizedGroups = (
				37477E342D093987004E05FB /* LowerCaseAlphabetCollectorUITests */,
			);
			name = LowerCaseAlphabetCollectorUITests;
			packageProductDependencies = (
			);
			productName = LowerCaseAlphabetCollectorUITests;
			productReference = 37477E312D093987004E05FB /* LowerCaseAlphabetCollectorUITests.xctest */;
			productType = "com.apple.product-type.bundle.ui-testing";
		};
/* End PBXNativeTarget section */

/* Begin PBXProject section */
		37477E092D093985004E05FB /* Project object */ = {
			isa = PBXProject;
			attributes = {
				BuildIndependentTargetsInParallel = 1;
				LastSwiftUpdateCheck = 1610;
				LastUpgradeCheck = 1610;
				TargetAttributes = {
					37477E102D093985004E05FB = {
						CreatedOnToolsVersion = 16.1;
					};
					37477E262D093987004E05FB = {
						CreatedOnToolsVersion = 16.1;
						TestTargetID = 37477E102D093985004E05FB;
					};
					37477E302D093987004E05FB = {
						CreatedOnToolsVersion = 16.1;
						TestTargetID = 37477E102D093985004E05FB;
					};
				};
			};
			buildConfigurationList = 37477E0C2D093985004E05FB /* Build configuration list for PBXProject "LowerCaseAlphabetCollector" */;
			developmentRegion = en;
			hasScannedForEncodings = 0;
			knownRegions = (
				en,
				Base,
			);
			mainGroup = 37477E082D093985004E05FB;
			minimizedProjectReferenceProxies = 1;
			preferredProjectObjectVersion = 77;
			productRefGroup = 37477E122D093985004E05FB /* Products */;
			projectDirPath = "";
			projectRoot = "";
			targets = (
				37477E102D093985004E05FB /* LowerCaseAlphabetCollector */,
				37477E262D093987004E05FB /* LowerCaseAlphabetCollectorTests */,
				37477E302D093987004E05FB /* LowerCaseAlphabetCollectorUITests */,
			);
		};
/* End PBXProject section */

/* Begin PBXResourcesBuildPhase section */
		37477E0F2D093985004E05FB /* Resources */ = {
			isa = PBXResourcesBuildPhase;
			buildActionMask = 2147483647;
			files = (
			);
			runOnlyForDeploymentPostprocessing = 0;
		};
		37477E252D093987004E05FB /* Resources */ = {
			isa = PBXResourcesBuildPhase;
			buildActionMask = 2147483647;
			files = (
			);
			runOnlyForDeploymentPostprocessing = 0;
		};
		37477E2F2D093987004E05FB /* Resources */ = {
			isa = PBXResourcesBuildPhase;
			buildActionMask = 2147483647;
			files = (
			);
			runOnlyForDeploymentPostprocessing = 0;
		};
/* End PBXResourcesBuildPhase section */

/* Begin PBXSourcesBuildPhase section */
		37477E0D2D093985004E05FB /* Sources */ = {
			isa = PBXSourcesBuildPhase;
			buildActionMask = 2147483647;
			files = (
			);
			runOnlyForDeploymentPostprocessing = 0;
		};
		37477E232D093987004E05FB /* Sources */ = {
			isa = PBXSourcesBuildPhase;
			buildActionMask = 2147483647;
			files = (
			);
			runOnlyForDeploymentPostprocessing = 0;
		};
		37477E2D2D093987004E05FB /* Sources */ = {
			isa = PBXSourcesBuildPhase;
			buildActionMask = 2147483647;
			files = (
			);
			runOnlyForDeploymentPostprocessing = 0;
		};
/* End PBXSourcesBuildPhase section */

/* Begin PBXTargetDependency section */
		37477E292D093987004E05FB /* PBXTargetDependency */ = {
			isa = PBXTargetDependency;
			target = 37477E102D093985004E05FB /* LowerCaseAlphabetCollector */;
			targetProxy = 37477E282D093987004E05FB /* PBXContainerItemProxy */;
		};
		37477E332D093987004E05FB /* PBXTargetDependency */ = {
			isa = PBXTargetDependency;
			target = 37477E102D093985004E05FB /* LowerCaseAlphabetCollector */;
			targetProxy = 37477E322D093987004E05FB /* PBXContainerItemProxy */;
		};
/* End PBXTargetDependency section */

/* Begin XCBuildConfiguration section */
		37477E3B2D093987004E05FB /* Debug */ = {
			isa = XCBuildConfiguration;
			buildSettings = {
				ASSETCATALOG_COMPILER_APPICON_NAME = AppIcon;
				ASSETCATALOG_COMPILER_GLOBAL_ACCENT_COLOR_NAME = AccentColor;
				CODE_SIGN_STYLE = Automatic;
				CURRENT_PROJECT_VERSION = 1;
				DEVELOPMENT_TEAM = 774FYNPNQ9;
				GENERATE_INFOPLIST_FILE = YES;
				INFOPLIST_FILE = LowerCaseAlphabetCollector/Info.plist;
				INFOPLIST_KEY_UIApplicationSupportsIndirectInputEvents = YES;
				INFOPLIST_KEY_UILaunchStoryboardName = LaunchScreen;
				INFOPLIST_KEY_UIMainStoryboardFile = Main;
				INFOPLIST_KEY_UISupportedInterfaceOrientations_iPad = "UIInterfaceOrientationPortrait UIInterfaceOrientationPortraitUpsideDown UIInterfaceOrientationLandscapeLeft UIInterfaceOrientationLandscapeRight";
				INFOPLIST_KEY_UISupportedInterfaceOrientations_iPhone = "UIInterfaceOrientationPortrait UIInterfaceOrientationLandscapeLeft UIInterfaceOrientationLandscapeRight";
				LD_RUNPATH_SEARCH_PATHS = (
					"$(inherited)",
					"@executable_path/Frameworks",
				);
				MARKETING_VERSION = 1.0;
				PRODUCT_BUNDLE_IDENTIFIER = com.jeon.LowerCaseAlphabetCollector;
				PRODUCT_NAME = "$(TARGET_NAME)";
				SWIFT_EMIT_LOC_STRINGS = YES;
				SWIFT_VERSION = 5.0;
				TARGETED_DEVICE_FAMILY = "1,2";
			};
			name = Debug;
		};
		37477E3C2D093987004E05FB /* Release */ = {
			isa = XCBuildConfiguration;
			buildSettings = {
				ASSETCATALOG_COMPILER_APPICON_NAME = AppIcon;
				ASSETCATALOG_COMPILER_GLOBAL_ACCENT_COLOR_NAME = AccentColor;
				CODE_SIGN_STYLE = Automatic;
				CURRENT_PROJECT_VERSION = 1;
				DEVELOPMENT_TEAM = 774FYNPNQ9;
				GENERATE_INFOPLIST_FILE = YES;
				INFOPLIST_FILE = LowerCaseAlphabetCollector/Info.plist;
				INFOPLIST_KEY_UIApplicationSupportsIndirectInputEvents = YES;
				INFOPLIST_KEY_UILaunchStoryboardName = LaunchScreen;
				INFOPLIST_KEY_UIMainStoryboardFile = Main;
				INFOPLIST_KEY_UISupportedInterfaceOrientations_iPad = "UIInterfaceOrientationPortrait UIInterfaceOrientationPortraitUpsideDown UIInterfaceOrientationLandscapeLeft UIInterfaceOrientationLandscapeRight";
				INFOPLIST_KEY_UISupportedInterfaceOrientations_iPhone = "UIInterfaceOrientationPortrait UIInterfaceOrientationLandscapeLeft UIInterfaceOrientationLandscapeRight";
				LD_RUNPATH_SEARCH_PATHS = (
					"$(inherited)",
					"@executable_path/Frameworks",
				);
				MARKETING_VERSION = 1.0;
				PRODUCT_BUNDLE_IDENTIFIER = com.jeon.LowerCaseAlphabetCollector;
				PRODUCT_NAME = "$(TARGET_NAME)";
				SWIFT_EMIT_LOC_STRINGS = YES;
				SWIFT_VERSION = 5.0;
				TARGETED_DEVICE_FAMILY = "1,2";
			};
			name = Release;
		};
		37477E3D2D093987004E05FB /* Debug */ = {
			isa = XCBuildConfiguration;
			buildSettings = {
				ALWAYS_SEARCH_USER_PATHS = NO;
				ASSETCATALOG_COMPILER_GENERATE_SWIFT_ASSET_SYMBOL_EXTENSIONS = YES;
				CLANG_ANALYZER_NONNULL = YES;
				CLANG_ANALYZER_NUMBER_OBJECT_CONVERSION = YES_AGGRESSIVE;
				CLANG_CXX_LANGUAGE_STANDARD = "gnu++20";
				CLANG_ENABLE_MODULES = YES;
				CLANG_ENABLE_OBJC_ARC = YES;
				CLANG_ENABLE_OBJC_WEAK = YES;
				CLANG_WARN_BLOCK_CAPTURE_AUTORELEASING = YES;
				CLANG_WARN_BOOL_CONVERSION = YES;
				CLANG_WARN_COMMA = YES;
				CLANG_WARN_CONSTANT_CONVERSION = YES;
				CLANG_WARN_DEPRECATED_OBJC_IMPLEMENTATIONS = YES;
				CLANG_WARN_DIRECT_OBJC_ISA_USAGE = YES_ERROR;
				CLANG_WARN_DOCUMENTATION_COMMENTS = YES;
				CLANG_WARN_EMPTY_BODY = YES;
				CLANG_WARN_ENUM_CONVERSION = YES;
				CLANG_WARN_INFINITE_RECURSION = YES;
				CLANG_WARN_INT_CONVERSION = YES;
				CLANG_WARN_NON_LITERAL_NULL_CONVERSION = YES;
				CLANG_WARN_OBJC_IMPLICIT_RETAIN_SELF = YES;
				CLANG_WARN_OBJC_LITERAL_CONVERSION = YES;
				CLANG_WARN_OBJC_ROOT_CLASS = YES_ERROR;
				CLANG_WARN_QUOTED_INCLUDE_IN_FRAMEWORK_HEADER = YES;
				CLANG_WARN_RANGE_LOOP_ANALYSIS = YES;
				CLANG_WARN_STRICT_PROTOTYPES = YES;
				CLANG_WARN_SUSPICIOUS_MOVE = YES;
				CLANG_WARN_UNGUARDED_AVAILABILITY = YES_AGGRESSIVE;
				CLANG_WARN_UNREACHABLE_CODE = YES;
				CLANG_WARN__DUPLICATE_METHOD_MATCH = YES;
				COPY_PHASE_STRIP = NO;
				DEBUG_INFORMATION_FORMAT = dwarf;
				ENABLE_STRICT_OBJC_MSGSEND = YES;
				ENABLE_TESTABILITY = YES;
				ENABLE_USER_SCRIPT_SANDBOXING = YES;
				GCC_C_LANGUAGE_STANDARD = gnu17;
				GCC_DYNAMIC_NO_PIC = NO;
				GCC_NO_COMMON_BLOCKS = YES;
				GCC_OPTIMIZATION_LEVEL = 0;
				GCC_PREPROCESSOR_DEFINITIONS = (
					"DEBUG=1",
					"$(inherited)",
				);
				GCC_WARN_64_TO_32_BIT_CONVERSION = YES;
				GCC_WARN_ABOUT_RETURN_TYPE = YES_ERROR;
				GCC_WARN_UNDECLARED_SELECTOR = YES;
				GCC_WARN_UNINITIALIZED_AUTOS = YES_AGGRESSIVE;
				GCC_WARN_UNUSED_FUNCTION = YES;
				GCC_WARN_UNUSED_VARIABLE = YES;
				IPHONEOS_DEPLOYMENT_TARGET = 18.1;
				LOCALIZATION_PREFERS_STRING_CATALOGS = YES;
				MTL_ENABLE_DEBUG_INFO = INCLUDE_SOURCE;
				MTL_FAST_MATH = YES;
				ONLY_ACTIVE_ARCH = YES;
				SDKROOT = iphoneos;
				SWIFT_ACTIVE_COMPILATION_CONDITIONS = "DEBUG $(inherited)";
				SWIFT_OPTIMIZATION_LEVEL = "-Onone";
			};
			name = Debug;
		};
		37477E3E2D093987004E05FB /* Release */ = {
			isa = XCBuildConfiguration;
			buildSettings = {
				ALWAYS_SEARCH_USER_PATHS = NO;
				ASSETCATALOG_COMPILER_GENERATE_SWIFT_ASSET_SYMBOL_EXTENSIONS = YES;
				CLANG_ANALYZER_NONNULL = YES;
				CLANG_ANALYZER_NUMBER_OBJECT_CONVERSION = YES_AGGRESSIVE;
				CLANG_CXX_LANGUAGE_STANDARD = "gnu++20";
				CLANG_ENABLE_MODULES = YES;
				CLANG_ENABLE_OBJC_ARC = YES;
				CLANG_ENABLE_OBJC_WEAK = YES;
				CLANG_WARN_BLOCK_CAPTURE_AUTORELEASING = YES;
				CLANG_WARN_BOOL_CONVERSION = YES;
				CLANG_WARN_COMMA = YES;
				CLANG_WARN_CONSTANT_CONVERSION = YES;
				CLANG_WARN_DEPRECATED_OBJC_IMPLEMENTATIONS = YES;
				CLANG_WARN_DIRECT_OBJC_ISA_USAGE = YES_ERROR;
				CLANG_WARN_DOCUMENTATION_COMMENTS = YES;
				CLANG_WARN_EMPTY_BODY = YES;
				CLANG_WARN_ENUM_CONVERSION = YES;
				CLANG_WARN_INFINITE_RECURSION = YES;
				CLANG_WARN_INT_CONVERSION = YES;
				CLANG_WARN_NON_LITERAL_NULL_CONVERSION = YES;
				CLANG_WARN_OBJC_IMPLICIT_RETAIN_SELF = YES;
				CLANG_WARN_OBJC_LITERAL_CONVERSION = YES;
				CLANG_WARN_OBJC_ROOT_CLASS = YES_ERROR;
				CLANG_WARN_QUOTED_INCLUDE_IN_FRAMEWORK_HEADER = YES;
				CLANG_WARN_RANGE_LOOP_ANALYSIS = YES;
				CLANG_WARN_STRICT_PROTOTYPES = YES;
				CLANG_WARN_SUSPICIOUS_MOVE = YES;
				CLANG_WARN_UNGUARDED_AVAILABILITY = YES_AGGRESSIVE;
				CLANG_WARN_UNREACHABLE_CODE = YES;
				CLANG_WARN__DUPLICATE_METHOD_MATCH = YES;
				COPY_PHASE_STRIP = NO;
				DEBUG_INFORMATION_FORMAT = "dwarf-with-dsym";
				ENABLE_NS_ASSERTIONS = NO;
				ENABLE_STRICT_OBJC_MSGSEND = YES;
				ENABLE_USER_SCRIPT_SANDBOXING = YES;
				GCC_C_LANGUAGE_STANDARD = gnu17;
				GCC_NO_COMMON_BLOCKS = YES;
				GCC_WARN_64_TO_32_BIT_CONVERSION = YES;
				GCC_WARN_ABOUT_RETURN_TYPE = YES_ERROR;
				GCC_WARN_UNDECLARED_SELECTOR = YES;
				GCC_WARN_UNINITIALIZED_AUTOS = YES_AGGRESSIVE;
				GCC_WARN_UNUSED_FUNCTION = YES;
				GCC_WARN_UNUSED_VARIABLE = YES;
				IPHONEOS_DEPLOYMENT_TARGET = 18.1;
				LOCALIZATION_PREFERS_STRING_CATALOGS = YES;
				MTL_ENABLE_DEBUG_INFO = NO;
				MTL_FAST_MATH = YES;
				SDKROOT = iphoneos;
				SWIFT_COMPILATION_MODE = wholemodule;
				VALIDATE_PRODUCT = YES;
			};
			name = Release;
		};
		37477E402D093987004E05FB /* Debug */ = {
			isa = XCBuildConfiguration;
			buildSettings = {
				BUNDLE_LOADER = "$(TEST_HOST)";
				CODE_SIGN_STYLE = Automatic;
				CURRENT_PROJECT_VERSION = 1;
				DEVELOPMENT_TEAM = 774FYNPNQ9;
				GENERATE_INFOPLIST_FILE = YES;
				IPHONEOS_DEPLOYMENT_TARGET = 18.1;
				MARKETING_VERSION = 1.0;
				PRODUCT_BUNDLE_IDENTIFIER = com.jeon.LowerCaseAlphabetCollectorTests;
				PRODUCT_NAME = "$(TARGET_NAME)";
				SWIFT_EMIT_LOC_STRINGS = NO;
				SWIFT_VERSION = 5.0;
				TARGETED_DEVICE_FAMILY = "1,2";
				TEST_HOST = "$(BUILT_PRODUCTS_DIR)/LowerCaseAlphabetCollector.app/$(BUNDLE_EXECUTABLE_FOLDER_PATH)/LowerCaseAlphabetCollector";
			};
			name = Debug;
		};
		37477E412D093987004E05FB /* Release */ = {
			isa = XCBuildConfiguration;
			buildSettings = {
				BUNDLE_LOADER = "$(TEST_HOST)";
				CODE_SIGN_STYLE = Automatic;
				CURRENT_PROJECT_VERSION = 1;
				DEVELOPMENT_TEAM = 774FYNPNQ9;
				GENERATE_INFOPLIST_FILE = YES;
				IPHONEOS_DEPLOYMENT_TARGET = 18.1;
				MARKETING_VERSION = 1.0;
				PRODUCT_BUNDLE_IDENTIFIER = com.jeon.LowerCaseAlphabetCollectorTests;
				PRODUCT_NAME = "$(TARGET_NAME)";
				SWIFT_EMIT_LOC_STRINGS = NO;
				SWIFT_VERSION = 5.0;
				TARGETED_DEVICE_FAMILY = "1,2";
				TEST_HOST = "$(BUILT_PRODUCTS_DIR)/LowerCaseAlphabetCollector.app/$(BUNDLE_EXECUTABLE_FOLDER_PATH)/LowerCaseAlphabetCollector";
			};
			name = Release;
		};
		37477E432D093987004E05FB /* Debug */ = {
			isa = XCBuildConfiguration;
			buildSettings = {
				CODE_SIGN_STYLE = Automatic;
				CURRENT_PROJECT_VERSION = 1;
				DEVELOPMENT_TEAM = 774FYNPNQ9;
				GENERATE_INFOPLIST_FILE = YES;
				MARKETING_VERSION = 1.0;
				PRODUCT_BUNDLE_IDENTIFIER = com.jeon.LowerCaseAlphabetCollectorUITests;
				PRODUCT_NAME = "$(TARGET_NAME)";
				SWIFT_EMIT_LOC_STRINGS = NO;
				SWIFT_VERSION = 5.0;
				TARGETED_DEVICE_FAMILY = "1,2";
				TEST_TARGET_NAME = LowerCaseAlphabetCollector;
			};
			name = Debug;
		};
		37477E442D093987004E05FB /* Release */ = {
			isa = XCBuildConfiguration;
			buildSettings = {
				CODE_SIGN_STYLE = Automatic;
				CURRENT_PROJECT_VERSION = 1;
				DEVELOPMENT_TEAM = 774FYNPNQ9;
				GENERATE_INFOPLIST_FILE = YES;
				MARKETING_VERSION = 1.0;
				PRODUCT_BUNDLE_IDENTIFIER = com.jeon.LowerCaseAlphabetCollectorUITests;
				PRODUCT_NAME = "$(TARGET_NAME)";
				SWIFT_EMIT_LOC_STRINGS = NO;
				SWIFT_VERSION = 5.0;
				TARGETED_DEVICE_FAMILY = "1,2";
				TEST_TARGET_NAME = LowerCaseAlphabetCollector;
			};
			name = Release;
		};
/* End XCBuildConfiguration section */

/* Begin XCConfigurationList section */
		37477E0C2D093985004E05FB /* Build configuration list for PBXProject "LowerCaseAlphabetCollector" */ = {
			isa = XCConfigurationList;
			buildConfigurations = (
				37477E3D2D093987004E05FB /* Debug */,
				37477E3E2D093987004E05FB /* Release */,
			);
			defaultConfigurationIsVisible = 0;
			defaultConfigurationName = Release;
		};
		37477E3A2D093987004E05FB /* Build configuration list for PBXNativeTarget "LowerCaseAlphabetCollector" */ = {
			isa = XCConfigurationList;
			buildConfigurations = (
				37477E3B2D093987004E05FB /* Debug */,
				37477E3C2D093987004E05FB /* Release */,
			);
			defaultConfigurationIsVisible = 0;
			defaultConfigurationName = Release;
		};
		37477E3F2D093987004E05FB /* Build configuration list for PBXNativeTarget "LowerCaseAlphabetCollectorTests" */ = {
			isa = XCConfigurationList;
			buildConfigurations = (
				37477E402D093987004E05FB /* Debug */,
				37477E412D093987004E05FB /* Release */,
			);
			defaultConfigurationIsVisible = 0;
			defaultConfigurationName = Release;
		};
		37477E422D093987004E05FB /* Build configuration list for PBXNativeTarget "LowerCaseAlphabetCollectorUITests" */ = {
			isa = XCConfigurationList;
			buildConfigurations = (
				37477E432D093987004E05FB /* Debug */,
				37477E442D093987004E05FB /* Release */,
			);
			defaultConfigurationIsVisible = 0;
			defaultConfigurationName = Release;
		};
/* End XCConfigurationList section */
	};
	rootObject = 37477E092D093985004E05FB /* Project object */;
}
