// !$*UTF8*$!
{
	archiveVersion = 1;
	classes = {
	};
	objectVersion = 77;
	objects = {

/* Begin PBXContainerItemProxy section */
		3797A30B2D0BCDAF009E34BC /* PBXContainerItemProxy */ = {
			isa = PBXContainerItemProxy;
			containerPortal = 3797A2EC2D0BCDAC009E34BC /* Project object */;
			proxyType = 1;
			remoteGlobalIDString = 3797A2F32D0BCDAC009E34BC;
			remoteInfo = SecondCar;
		};
		3797A3152D0BCDAF009E34BC /* PBXContainerItemProxy */ = {
			isa = PBXContainerItemProxy;
			containerPortal = 3797A2EC2D0BCDAC009E34BC /* Project object */;
			proxyType = 1;
			remoteGlobalIDString = 3797A2F32D0BCDAC009E34BC;
			remoteInfo = SecondCar;
		};
/* End PBXContainerItemProxy section */

/* Begin PBXFileReference section */
		3797A2F42D0BCDAD009E34BC /* SecondCar.app */ = {isa = PBXFileReference; explicitFileType = wrapper.application; includeInIndex = 0; path = SecondCar.app; sourceTree = BUILT_PRODUCTS_DIR; };
		3797A30A2D0BCDAF009E34BC /* SecondCarTests.xctest */ = {isa = PBXFileReference; explicitFileType = wrapper.cfbundle; includeInIndex = 0; path = SecondCarTests.xctest; sourceTree = BUILT_PRODUCTS_DIR; };
		3797A3142D0BCDAF009E34BC /* SecondCarUITests.xctest */ = {isa = PBXFileReference; explicitFileType = wrapper.cfbundle; includeInIndex = 0; path = SecondCarUITests.xctest; sourceTree = BUILT_PRODUCTS_DIR; };
/* End PBXFileReference section */

/* Begin PBXFileSystemSynchronizedBuildFileExceptionSet section */
		3797A31C2D0BCDAF009E34BC /* Exceptions for "SecondCar" folder in "SecondCar" target */ = {
			isa = PBXFileSystemSynchronizedBuildFileExceptionSet;
			membershipExceptions = (
				Info.plist,
			);
			target = 3797A2F32D0BCDAC009E34BC /* SecondCar */;
		};
/* End PBXFileSystemSynchronizedBuildFileExceptionSet section */

/* Begin PBXFileSystemSynchronizedRootGroup section */
		3797A2F62D0BCDAD009E34BC /* SecondCar */ = {
			isa = PBXFileSystemSynchronizedRootGroup;
			exceptions = (
				3797A31C2D0BCDAF009E34BC /* Exceptions for "SecondCar" folder in "SecondCar" target */,
			);
			path = SecondCar;
			sourceTree = "<group>";
		};
		3797A30D2D0BCDAF009E34BC /* SecondCarTests */ = {
			isa = PBXFileSystemSynchronizedRootGroup;
			path = SecondCarTests;
			sourceTree = "<group>";
		};
		3797A3172D0BCDAF009E34BC /* SecondCarUITests */ = {
			isa = PBXFileSystemSynchronizedRootGroup;
			path = SecondCarUITests;
			sourceTree = "<group>";
		};
/* End PBXFileSystemSynchronizedRootGroup section */

/* Begin PBXFrameworksBuildPhase section */
		3797A2F12D0BCDAC009E34BC /* Frameworks */ = {
			isa = PBXFrameworksBuildPhase;
			buildActionMask = 2147483647;
			files = (
			);
			runOnlyForDeploymentPostprocessing = 0;
		};
		3797A3072D0BCDAF009E34BC /* Frameworks */ = {
			isa = PBXFrameworksBuildPhase;
			buildActionMask = 2147483647;
			files = (
			);
			runOnlyForDeploymentPostprocessing = 0;
		};
		3797A3112D0BCDAF009E34BC /* Frameworks */ = {
			isa = PBXFrameworksBuildPhase;
			buildActionMask = 2147483647;
			files = (
			);
			runOnlyForDeploymentPostprocessing = 0;
		};
/* End PBXFrameworksBuildPhase section */

/* Begin PBXGroup section */
		3797A2EB2D0BCDAC009E34BC = {
			isa = PBXGroup;
			children = (
				3797A2F62D0BCDAD009E34BC /* SecondCar */,
				3797A30D2D0BCDAF009E34BC /* SecondCarTests */,
				3797A3172D0BCDAF009E34BC /* SecondCarUITests */,
				3797A2F52D0BCDAD009E34BC /* Products */,
			);
			sourceTree = "<group>";
		};
		3797A2F52D0BCDAD009E34BC /* Products */ = {
			isa = PBXGroup;
			children = (
				3797A2F42D0BCDAD009E34BC /* SecondCar.app */,
				3797A30A2D0BCDAF009E34BC /* SecondCarTests.xctest */,
				3797A3142D0BCDAF009E34BC /* SecondCarUITests.xctest */,
			);
			name = Products;
			sourceTree = "<group>";
		};
/* End PBXGroup section */

/* Begin PBXNativeTarget section */
		3797A2F32D0BCDAC009E34BC /* SecondCar */ = {
			isa = PBXNativeTarget;
			buildConfigurationList = 3797A31D2D0BCDAF009E34BC /* Build configuration list for PBXNativeTarget "SecondCar" */;
			buildPhases = (
				3797A2F02D0BCDAC009E34BC /* Sources */,
				3797A2F12D0BCDAC009E34BC /* Frameworks */,
				3797A2F22D0BCDAC009E34BC /* Resources */,
			);
			buildRules = (
			);
			dependencies = (
			);
			fileSystemSynchronizedGroups = (
				3797A2F62D0BCDAD009E34BC /* SecondCar */,
			);
			name = SecondCar;
			packageProductDependencies = (
			);
			productName = SecondCar;
			productReference = 3797A2F42D0BCDAD009E34BC /* SecondCar.app */;
			productType = "com.apple.product-type.application";
		};
		3797A3092D0BCDAF009E34BC /* SecondCarTests */ = {
			isa = PBXNativeTarget;
			buildConfigurationList = 3797A3222D0BCDAF009E34BC /* Build configuration list for PBXNativeTarget "SecondCarTests" */;
			buildPhases = (
				3797A3062D0BCDAF009E34BC /* Sources */,
				3797A3072D0BCDAF009E34BC /* Frameworks */,
				3797A3082D0BCDAF009E34BC /* Resources */,
			);
			buildRules = (
			);
			dependencies = (
				3797A30C2D0BCDAF009E34BC /* PBXTargetDependency */,
			);
			fileSystemSynchronizedGroups = (
				3797A30D2D0BCDAF009E34BC /* SecondCarTests */,
			);
			name = SecondCarTests;
			packageProductDependencies = (
			);
			productName = SecondCarTests;
			productReference = 3797A30A2D0BCDAF009E34BC /* SecondCarTests.xctest */;
			productType = "com.apple.product-type.bundle.unit-test";
		};
		3797A3132D0BCDAF009E34BC /* SecondCarUITests */ = {
			isa = PBXNativeTarget;
			buildConfigurationList = 3797A3252D0BCDAF009E34BC /* Build configuration list for PBXNativeTarget "SecondCarUITests" */;
			buildPhases = (
				3797A3102D0BCDAF009E34BC /* Sources */,
				3797A3112D0BCDAF009E34BC /* Frameworks */,
				3797A3122D0BCDAF009E34BC /* Resources */,
			);
			buildRules = (
			);
			dependencies = (
				3797A3162D0BCDAF009E34BC /* PBXTargetDependency */,
			);
			fileSystemSynchronizedGroups = (
				3797A3172D0BCDAF009E34BC /* SecondCarUITests */,
			);
			name = SecondCarUITests;
			packageProductDependencies = (
			);
			productName = SecondCarUITests;
			productReference = 3797A3142D0BCDAF009E34BC /* SecondCarUITests.xctest */;
			productType = "com.apple.product-type.bundle.ui-testing";
		};
/* End PBXNativeTarget section */

/* Begin PBXProject section */
		3797A2EC2D0BCDAC009E34BC /* Project object */ = {
			isa = PBXProject;
			attributes = {
				BuildIndependentTargetsInParallel = 1;
				LastSwiftUpdateCheck = 1610;
				LastUpgradeCheck = 1610;
				TargetAttributes = {
					3797A2F32D0BCDAC009E34BC = {
						CreatedOnToolsVersion = 16.1;
					};
					3797A3092D0BCDAF009E34BC = {
						CreatedOnToolsVersion = 16.1;
						TestTargetID = 3797A2F32D0BCDAC009E34BC;
					};
					3797A3132D0BCDAF009E34BC = {
						CreatedOnToolsVersion = 16.1;
						TestTargetID = 3797A2F32D0BCDAC009E34BC;
					};
				};
			};
			buildConfigurationList = 3797A2EF2D0BCDAC009E34BC /* Build configuration list for PBXProject "SecondCar" */;
			developmentRegion = en;
			hasScannedForEncodings = 0;
			knownRegions = (
				en,
				Base,
			);
			mainGroup = 3797A2EB2D0BCDAC009E34BC;
			minimizedProjectReferenceProxies = 1;
			preferredProjectObjectVersion = 77;
			productRefGroup = 3797A2F52D0BCDAD009E34BC /* Products */;
			projectDirPath = "";
			projectRoot = "";
			targets = (
				3797A2F32D0BCDAC009E34BC /* SecondCar */,
				3797A3092D0BCDAF009E34BC /* SecondCarTests */,
				3797A3132D0BCDAF009E34BC /* SecondCarUITests */,
			);
		};
/* End PBXProject section */

/* Begin PBXResourcesBuildPhase section */
		3797A2F22D0BCDAC009E34BC /* Resources */ = {
			isa = PBXResourcesBuildPhase;
			buildActionMask = 2147483647;
			files = (
			);
			runOnlyForDeploymentPostprocessing = 0;
		};
		3797A3082D0BCDAF009E34BC /* Resources */ = {
			isa = PBXResourcesBuildPhase;
			buildActionMask = 2147483647;
			files = (
			);
			runOnlyForDeploymentPostprocessing = 0;
		};
		3797A3122D0BCDAF009E34BC /* Resources */ = {
			isa = PBXResourcesBuildPhase;
			buildActionMask = 2147483647;
			files = (
			);
			runOnlyForDeploymentPostprocessing = 0;
		};
/* End PBXResourcesBuildPhase section */

/* Begin PBXSourcesBuildPhase section */
		3797A2F02D0BCDAC009E34BC /* Sources */ = {
			isa = PBXSourcesBuildPhase;
			buildActionMask = 2147483647;
			files = (
			);
			runOnlyForDeploymentPostprocessing = 0;
		};
		3797A3062D0BCDAF009E34BC /* Sources */ = {
			isa = PBXSourcesBuildPhase;
			buildActionMask = 2147483647;
			files = (
			);
			runOnlyForDeploymentPostprocessing = 0;
		};
		3797A3102D0BCDAF009E34BC /* Sources */ = {
			isa = PBXSourcesBuildPhase;
			buildActionMask = 2147483647;
			files = (
			);
			runOnlyForDeploymentPostprocessing = 0;
		};
/* End PBXSourcesBuildPhase section */

/* Begin PBXTargetDependency section */
		3797A30C2D0BCDAF009E34BC /* PBXTargetDependency */ = {
			isa = PBXTargetDependency;
			target = 3797A2F32D0BCDAC009E34BC /* SecondCar */;
			targetProxy = 3797A30B2D0BCDAF009E34BC /* PBXContainerItemProxy */;
		};
		3797A3162D0BCDAF009E34BC /* PBXTargetDependency */ = {
			isa = PBXTargetDependency;
			target = 3797A2F32D0BCDAC009E34BC /* SecondCar */;
			targetProxy = 3797A3152D0BCDAF009E34BC /* PBXContainerItemProxy */;
		};
/* End PBXTargetDependency section */

/* Begin XCBuildConfiguration section */
		3797A31E2D0BCDAF009E34BC /* Debug */ = {
			isa = XCBuildConfiguration;
			buildSettings = {
				ASSETCATALOG_COMPILER_APPICON_NAME = AppIcon;
				ASSETCATALOG_COMPILER_GLOBAL_ACCENT_COLOR_NAME = AccentColor;
				CODE_SIGN_STYLE = Automatic;
				CURRENT_PROJECT_VERSION = 1;
				DEVELOPMENT_TEAM = 774FYNPNQ9;
				GENERATE_INFOPLIST_FILE = YES;
				INFOPLIST_FILE = SecondCar/Info.plist;
				INFOPLIST_KEY_UIApplicationSupportsIndirectInputEvents = YES;
				INFOPLIST_KEY_UILaunchStoryboardName = LaunchScreen;
				INFOPLIST_KEY_UIMainStoryboardFile = Main;
				INFOPLIST_KEY_UISupportedInterfaceOrientations_iPad = "UIInterfaceOrientationPortrait UIInterfaceOrientationPortraitUpsideDown UIInterfaceOrientationLandscapeLeft UIInterfaceOrientationLandscapeRight";
				INFOPLIST_KEY_UISupportedInterfaceOrientations_iPhone = "UIInterfaceOrientationPortrait UIInterfaceOrientationLandscapeLeft UIInterfaceOrientationLandscapeRight";
				LD_RUNPATH_SEARCH_PATHS = (
					"$(inherited)",
					"@executable_path/Frameworks",
				);
				MARKETING_VERSION = 1.0;
				PRODUCT_BUNDLE_IDENTIFIER = com.jeon.SecondCar;
				PRODUCT_NAME = "$(TARGET_NAME)";
				SWIFT_EMIT_LOC_STRINGS = YES;
				SWIFT_VERSION = 5.0;
				TARGETED_DEVICE_FAMILY = "1,2";
			};
			name = Debug;
		};
		3797A31F2D0BCDAF009E34BC /* Release */ = {
			isa = XCBuildConfiguration;
			buildSettings = {
				ASSETCATALOG_COMPILER_APPICON_NAME = AppIcon;
				ASSETCATALOG_COMPILER_GLOBAL_ACCENT_COLOR_NAME = AccentColor;
				CODE_SIGN_STYLE = Automatic;
				CURRENT_PROJECT_VERSION = 1;
				DEVELOPMENT_TEAM = 774FYNPNQ9;
				GENERATE_INFOPLIST_FILE = YES;
				INFOPLIST_FILE = SecondCar/Info.plist;
				INFOPLIST_KEY_UIApplicationSupportsIndirectInputEvents = YES;
				INFOPLIST_KEY_UILaunchStoryboardName = LaunchScreen;
				INFOPLIST_KEY_UIMainStoryboardFile = Main;
				INFOPLIST_KEY_UISupportedInterfaceOrientations_iPad = "UIInterfaceOrientationPortrait UIInterfaceOrientationPortraitUpsideDown UIInterfaceOrientationLandscapeLeft UIInterfaceOrientationLandscapeRight";
				INFOPLIST_KEY_UISupportedInterfaceOrientations_iPhone = "UIInterfaceOrientationPortrait UIInterfaceOrientationLandscapeLeft UIInterfaceOrientationLandscapeRight";
				LD_RUNPATH_SEARCH_PATHS = (
					"$(inherited)",
					"@executable_path/Frameworks",
				);
				MARKETING_VERSION = 1.0;
				PRODUCT_BUNDLE_IDENTIFIER = com.jeon.SecondCar;
				PRODUCT_NAME = "$(TARGET_NAME)";
				SWIFT_EMIT_LOC_STRINGS = YES;
				SWIFT_VERSION = 5.0;
				TARGETED_DEVICE_FAMILY = "1,2";
			};
			name = Release;
		};
		3797A3202D0BCDAF009E34BC /* Debug */ = {
			isa = XCBuildConfiguration;
			buildSettings = {
				ALWAYS_SEARCH_USER_PATHS = NO;
				ASSETCATALOG_COMPILER_GENERATE_SWIFT_ASSET_SYMBOL_EXTENSIONS = YES;
				CLANG_ANALYZER_NONNULL = YES;
				CLANG_ANALYZER_NUMBER_OBJECT_CONVERSION = YES_AGGRESSIVE;
				CLANG_CXX_LANGUAGE_STANDARD = "gnu++20";
				CLANG_ENABLE_MODULES = YES;
				CLANG_ENABLE_OBJC_ARC = YES;
				CLANG_ENABLE_OBJC_WEAK = YES;
				CLANG_WARN_BLOCK_CAPTURE_AUTORELEASING = YES;
				CLANG_WARN_BOOL_CONVERSION = YES;
				CLANG_WARN_COMMA = YES;
				CLANG_WARN_CONSTANT_CONVERSION = YES;
				CLANG_WARN_DEPRECATED_OBJC_IMPLEMENTATIONS = YES;
				CLANG_WARN_DIRECT_OBJC_ISA_USAGE = YES_ERROR;
				CLANG_WARN_DOCUMENTATION_COMMENTS = YES;
				CLANG_WARN_EMPTY_BODY = YES;
				CLANG_WARN_ENUM_CONVERSION = YES;
				CLANG_WARN_INFINITE_RECURSION = YES;
				CLANG_WARN_INT_CONVERSION = YES;
				CLANG_WARN_NON_LITERAL_NULL_CONVERSION = YES;
				CLANG_WARN_OBJC_IMPLICIT_RETAIN_SELF = YES;
				CLANG_WARN_OBJC_LITERAL_CONVERSION = YES;
				CLANG_WARN_OBJC_ROOT_CLASS = YES_ERROR;
				CLANG_WARN_QUOTED_INCLUDE_IN_FRAMEWORK_HEADER = YES;
				CLANG_WARN_RANGE_LOOP_ANALYSIS = YES;
				CLANG_WARN_STRICT_PROTOTYPES = YES;
				CLANG_WARN_SUSPICIOUS_MOVE = YES;
				CLANG_WARN_UNGUARDED_AVAILABILITY = YES_AGGRESSIVE;
				CLANG_WARN_UNREACHABLE_CODE = YES;
				CLANG_WARN__DUPLICATE_METHOD_MATCH = YES;
				COPY_PHASE_STRIP = NO;
				DEBUG_INFORMATION_FORMAT = dwarf;
				ENABLE_STRICT_OBJC_MSGSEND = YES;
				ENABLE_TESTABILITY = YES;
				ENABLE_USER_SCRIPT_SANDBOXING = YES;
				GCC_C_LANGUAGE_STANDARD = gnu17;
				GCC_DYNAMIC_NO_PIC = NO;
				GCC_NO_COMMON_BLOCKS = YES;
				GCC_OPTIMIZATION_LEVEL = 0;
				GCC_PREPROCESSOR_DEFINITIONS = (
					"DEBUG=1",
					"$(inherited)",
				);
				GCC_WARN_64_TO_32_BIT_CONVERSION = YES;
				GCC_WARN_ABOUT_RETURN_TYPE = YES_ERROR;
				GCC_WARN_UNDECLARED_SELECTOR = YES;
				GCC_WARN_UNINITIALIZED_AUTOS = YES_AGGRESSIVE;
				GCC_WARN_UNUSED_FUNCTION = YES;
				GCC_WARN_UNUSED_VARIABLE = YES;
				IPHONEOS_DEPLOYMENT_TARGET = 18.1;
				LOCALIZATION_PREFERS_STRING_CATALOGS = YES;
				MTL_ENABLE_DEBUG_INFO = INCLUDE_SOURCE;
				MTL_FAST_MATH = YES;
				ONLY_ACTIVE_ARCH = YES;
				SDKROOT = iphoneos;
				SWIFT_ACTIVE_COMPILATION_CONDITIONS = "DEBUG $(inherited)";
				SWIFT_OPTIMIZATION_LEVEL = "-Onone";
			};
			name = Debug;
		};
		3797A3212D0BCDAF009E34BC /* Release */ = {
			isa = XCBuildConfiguration;
			buildSettings = {
				ALWAYS_SEARCH_USER_PATHS = NO;
				ASSETCATALOG_COMPILER_GENERATE_SWIFT_ASSET_SYMBOL_EXTENSIONS = YES;
				CLANG_ANALYZER_NONNULL = YES;
				CLANG_ANALYZER_NUMBER_OBJECT_CONVERSION = YES_AGGRESSIVE;
				CLANG_CXX_LANGUAGE_STANDARD = "gnu++20";
				CLANG_ENABLE_MODULES = YES;
				CLANG_ENABLE_OBJC_ARC = YES;
				CLANG_ENABLE_OBJC_WEAK = YES;
				CLANG_WARN_BLOCK_CAPTURE_AUTORELEASING = YES;
				CLANG_WARN_BOOL_CONVERSION = YES;
				CLANG_WARN_COMMA = YES;
				CLANG_WARN_CONSTANT_CONVERSION = YES;
				CLANG_WARN_DEPRECATED_OBJC_IMPLEMENTATIONS = YES;
				CLANG_WARN_DIRECT_OBJC_ISA_USAGE = YES_ERROR;
				CLANG_WARN_DOCUMENTATION_COMMENTS = YES;
				CLANG_WARN_EMPTY_BODY = YES;
				CLANG_WARN_ENUM_CONVERSION = YES;
				CLANG_WARN_INFINITE_RECURSION = YES;
				CLANG_WARN_INT_CONVERSION = YES;
				CLANG_WARN_NON_LITERAL_NULL_CONVERSION = YES;
				CLANG_WARN_OBJC_IMPLICIT_RETAIN_SELF = YES;
				CLANG_WARN_OBJC_LITERAL_CONVERSION = YES;
				CLANG_WARN_OBJC_ROOT_CLASS = YES_ERROR;
				CLANG_WARN_QUOTED_INCLUDE_IN_FRAMEWORK_HEADER = YES;
				CLANG_WARN_RANGE_LOOP_ANALYSIS = YES;
				CLANG_WARN_STRICT_PROTOTYPES = YES;
				CLANG_WARN_SUSPICIOUS_MOVE = YES;
				CLANG_WARN_UNGUARDED_AVAILABILITY = YES_AGGRESSIVE;
				CLANG_WARN_UNREACHABLE_CODE = YES;
				CLANG_WARN__DUPLICATE_METHOD_MATCH = YES;
				COPY_PHASE_STRIP = NO;
				DEBUG_INFORMATION_FORMAT = "dwarf-with-dsym";
				ENABLE_NS_ASSERTIONS = NO;
				ENABLE_STRICT_OBJC_MSGSEND = YES;
				ENABLE_USER_SCRIPT_SANDBOXING = YES;
				GCC_C_LANGUAGE_STANDARD = gnu17;
				GCC_NO_COMMON_BLOCKS = YES;
				GCC_WARN_64_TO_32_BIT_CONVERSION = YES;
				GCC_WARN_ABOUT_RETURN_TYPE = YES_ERROR;
				GCC_WARN_UNDECLARED_SELECTOR = YES;
				GCC_WARN_UNINITIALIZED_AUTOS = YES_AGGRESSIVE;
				GCC_WARN_UNUSED_FUNCTION = YES;
				GCC_WARN_UNUSED_VARIABLE = YES;
				IPHONEOS_DEPLOYMENT_TARGET = 18.1;
				LOCALIZATION_PREFERS_STRING_CATALOGS = YES;
				MTL_ENABLE_DEBUG_INFO = NO;
				MTL_FAST_MATH = YES;
				SDKROOT = iphoneos;
				SWIFT_COMPILATION_MODE = wholemodule;
				VALIDATE_PRODUCT = YES;
			};
			name = Release;
		};
		3797A3232D0BCDAF009E34BC /* Debug */ = {
			isa = XCBuildConfiguration;
			buildSettings = {
				BUNDLE_LOADER = "$(TEST_HOST)";
				CODE_SIGN_STYLE = Automatic;
				CURRENT_PROJECT_VERSION = 1;
				DEVELOPMENT_TEAM = 774FYNPNQ9;
				GENERATE_INFOPLIST_FILE = YES;
				IPHONEOS_DEPLOYMENT_TARGET = 18.1;
				MARKETING_VERSION = 1.0;
				PRODUCT_BUNDLE_IDENTIFIER = com.jeon.SecondCarTests;
				PRODUCT_NAME = "$(TARGET_NAME)";
				SWIFT_EMIT_LOC_STRINGS = NO;
				SWIFT_VERSION = 5.0;
				TARGETED_DEVICE_FAMILY = "1,2";
				TEST_HOST = "$(BUILT_PRODUCTS_DIR)/SecondCar.app/$(BUNDLE_EXECUTABLE_FOLDER_PATH)/SecondCar";
			};
			name = Debug;
		};
		3797A3242D0BCDAF009E34BC /* Release */ = {
			isa = XCBuildConfiguration;
			buildSettings = {
				BUNDLE_LOADER = "$(TEST_HOST)";
				CODE_SIGN_STYLE = Automatic;
				CURRENT_PROJECT_VERSION = 1;
				DEVELOPMENT_TEAM = 774FYNPNQ9;
				GENERATE_INFOPLIST_FILE = YES;
				IPHONEOS_DEPLOYMENT_TARGET = 18.1;
				MARKETING_VERSION = 1.0;
				PRODUCT_BUNDLE_IDENTIFIER = com.jeon.SecondCarTests;
				PRODUCT_NAME = "$(TARGET_NAME)";
				SWIFT_EMIT_LOC_STRINGS = NO;
				SWIFT_VERSION = 5.0;
				TARGETED_DEVICE_FAMILY = "1,2";
				TEST_HOST = "$(BUILT_PRODUCTS_DIR)/SecondCar.app/$(BUNDLE_EXECUTABLE_FOLDER_PATH)/SecondCar";
			};
			name = Release;
		};
		3797A3262D0BCDAF009E34BC /* Debug */ = {
			isa = XCBuildConfiguration;
			buildSettings = {
				CODE_SIGN_STYLE = Automatic;
				CURRENT_PROJECT_VERSION = 1;
				DEVELOPMENT_TEAM = 774FYNPNQ9;
				GENERATE_INFOPLIST_FILE = YES;
				MARKETING_VERSION = 1.0;
				PRODUCT_BUNDLE_IDENTIFIER = com.jeon.SecondCarUITests;
				PRODUCT_NAME = "$(TARGET_NAME)";
				SWIFT_EMIT_LOC_STRINGS = NO;
				SWIFT_VERSION = 5.0;
				TARGETED_DEVICE_FAMILY = "1,2";
				TEST_TARGET_NAME = SecondCar;
			};
			name = Debug;
		};
		3797A3272D0BCDAF009E34BC /* Release */ = {
			isa = XCBuildConfiguration;
			buildSettings = {
				CODE_SIGN_STYLE = Automatic;
				CURRENT_PROJECT_VERSION = 1;
				DEVELOPMENT_TEAM = 774FYNPNQ9;
				GENERATE_INFOPLIST_FILE = YES;
				MARKETING_VERSION = 1.0;
				PRODUCT_BUNDLE_IDENTIFIER = com.jeon.SecondCarUITests;
				PRODUCT_NAME = "$(TARGET_NAME)";
				SWIFT_EMIT_LOC_STRINGS = NO;
				SWIFT_VERSION = 5.0;
				TARGETED_DEVICE_FAMILY = "1,2";
				TEST_TARGET_NAME = SecondCar;
			};
			name = Release;
		};
/* End XCBuildConfiguration section */

/* Begin XCConfigurationList section */
		3797A2EF2D0BCDAC009E34BC /* Build configuration list for PBXProject "SecondCar" */ = {
			isa = XCConfigurationList;
			buildConfigurations = (
				3797A3202D0BCDAF009E34BC /* Debug */,
				3797A3212D0BCDAF009E34BC /* Release */,
			);
			defaultConfigurationIsVisible = 0;
			defaultConfigurationName = Release;
		};
		3797A31D2D0BCDAF009E34BC /* Build configuration list for PBXNativeTarget "SecondCar" */ = {
			isa = XCConfigurationList;
			buildConfigurations = (
				3797A31E2D0BCDAF009E34BC /* Debug */,
				3797A31F2D0BCDAF009E34BC /* Release */,
			);
			defaultConfigurationIsVisible = 0;
			defaultConfigurationName = Release;
		};
		3797A3222D0BCDAF009E34BC /* Build configuration list for PBXNativeTarget "SecondCarTests" */ = {
			isa = XCConfigurationList;
			buildConfigurations = (
				3797A3232D0BCDAF009E34BC /* Debug */,
				3797A3242D0BCDAF009E34BC /* Release */,
			);
			defaultConfigurationIsVisible = 0;
			defaultConfigurationName = Release;
		};
		3797A3252D0BCDAF009E34BC /* Build configuration list for PBXNativeTarget "SecondCarUITests" */ = {
			isa = XCConfigurationList;
			buildConfigurations = (
				3797A3262D0BCDAF009E34BC /* Debug */,
				3797A3272D0BCDAF009E34BC /* Release */,
			);
			defaultConfigurationIsVisible = 0;
			defaultConfigurationName = Release;
		};
/* End XCConfigurationList section */
	};
	rootObject = 3797A2EC2D0BCDAC009E34BC /* Project object */;
}
